
Microsoft Visual Studio Solution File, Format Version 12.00
# Visual Studio Version 17
VisualStudioVersion = 17.7.34024.191
MinimumVisualStudioVersion = 10.0.40219.1
Project("{9A19103F-16F7-4668-BE54-9A1E7A4F7556}") = "CallContract", "src\CallContract\CallContract.csproj", "{524656D5-AC32-4B0E-B865-C05BDBD85C64}"
EndProject
Project("{9A19103F-16F7-4668-BE54-9A1E7A4F7556}") = "HelloWorldContract", "src\HelloWorldContract\HelloWorldContract.csproj", "{68AAD13E-5FFC-4CF4-83A9-2C36E81F7D53}"
EndProject
Project("{2150E333-8FDC-42A3-9474-1A3956D46DE8}") = "docs", "docs", "{D23AC634-A280-42B5-97CB-D3A1D11E6838}"
	ProjectSection(SolutionItems) = preProject
		README.md = README.md
	EndProjectSection
EndProject
Project("{2150E333-8FDC-42A3-9474-1A3956D46DE8}") = "Smart Contracts", "Smart Contracts", "{C1A38CEB-8467-4E43-98F2-5BD10765C30F}"
EndProject
Project("{9A19103F-16F7-4668-BE54-9A1E7A4F7556}") = "EventContract", "src\EventContract\EventContract.csproj", "{6616A88E-910A-49DE-8820-91AB956F464B}"
EndProject
Project("{9A19103F-16F7-4668-BE54-9A1E7A4F7556}") = "StorageContract", "src\StorageContract\StorageContract.csproj", "{E829419A-7A49-4309-AD48-39F3CB5D1857}"
EndProject
Project("{9A19103F-16F7-4668-BE54-9A1E7A4F7556}") = "ExampleCoin", "src\ExampleCoin\ExampleCoin.csproj", "{9B8B3FBF-AABA-4E54-84A4-FBDA7F718218}"
EndProject
Project("{2150E333-8FDC-42A3-9474-1A3956D46DE8}") = "Tests", "Tests", "{D701F95C-3C2F-4EAB-BDD5-255A29D3C558}"
EndProject
Project("{FAE04EC0-301F-11D3-BF4B-00C04F79EFBC}") = "Contract.Tests", "tests\Contract.Tests\Contract.Tests.csproj", "{469C4094-E7F6-4344-9FFC-BDAE1838221A}"
EndProject
Global
	GlobalSection(SolutionConfigurationPlatforms) = preSolution
		Debug|Any CPU = Debug|Any CPU
		Release|Any CPU = Release|Any CPU
	EndGlobalSection
	GlobalSection(ProjectConfigurationPlatforms) = postSolution
		{524656D5-AC32-4B0E-B865-C05BDBD85C64}.Debug|Any CPU.ActiveCfg = Debug|Any CPU
		{524656D5-AC32-4B0E-B865-C05BDBD85C64}.Debug|Any CPU.Build.0 = Debug|Any CPU
		{524656D5-AC32-4B0E-B865-C05BDBD85C64}.Release|Any CPU.ActiveCfg = Release|Any CPU
		{524656D5-AC32-4B0E-B865-C05BDBD85C64}.Release|Any CPU.Build.0 = Release|Any CPU
		{68AAD13E-5FFC-4CF4-83A9-2C36E81F7D53}.Debug|Any CPU.ActiveCfg = Debug|Any CPU
		{68AAD13E-5FFC-4CF4-83A9-2C36E81F7D53}.Debug|Any CPU.Build.0 = Debug|Any CPU
		{68AAD13E-5FFC-4CF4-83A9-2C36E81F7D53}.Release|Any CPU.ActiveCfg = Release|Any CPU
		{68AAD13E-5FFC-4CF4-83A9-2C36E81F7D53}.Release|Any CPU.Build.0 = Release|Any CPU
		{6616A88E-910A-49DE-8820-91AB956F464B}.Debug|Any CPU.ActiveCfg = Debug|Any CPU
		{6616A88E-910A-49DE-8820-91AB956F464B}.Debug|Any CPU.Build.0 = Debug|Any CPU
		{6616A88E-910A-49DE-8820-91AB956F464B}.Release|Any CPU.ActiveCfg = Release|Any CPU
		{6616A88E-910A-49DE-8820-91AB956F464B}.Release|Any CPU.Build.0 = Release|Any CPU
		{E829419A-7A49-4309-AD48-39F3CB5D1857}.Debug|Any CPU.ActiveCfg = Debug|Any CPU
		{E829419A-7A49-4309-AD48-39F3CB5D1857}.Debug|Any CPU.Build.0 = Debug|Any CPU
		{E829419A-7A49-4309-AD48-39F3CB5D1857}.Release|Any CPU.ActiveCfg = Release|Any CPU
		{E829419A-7A49-4309-AD48-39F3CB5D1857}.Release|Any CPU.Build.0 = Release|Any CPU
		{9B8B3FBF-AABA-4E54-84A4-FBDA7F718218}.Debug|Any CPU.ActiveCfg = Debug|Any CPU
		{9B8B3FBF-AABA-4E54-84A4-FBDA7F718218}.Debug|Any CPU.Build.0 = Debug|Any CPU
		{9B8B3FBF-AABA-4E54-84A4-FBDA7F718218}.Release|Any CPU.ActiveCfg = Release|Any CPU
		{9B8B3FBF-AABA-4E54-84A4-FBDA7F718218}.Release|Any CPU.Build.0 = Release|Any CPU
		{469C4094-E7F6-4344-9FFC-BDAE1838221A}.Debug|Any CPU.ActiveCfg = Debug|Any CPU
		{469C4094-E7F6-4344-9FFC-BDAE1838221A}.Debug|Any CPU.Build.0 = Debug|Any CPU
		{469C4094-E7F6-4344-9FFC-BDAE1838221A}.Release|Any CPU.ActiveCfg = Release|Any CPU
		{469C4094-E7F6-4344-9FFC-BDAE1838221A}.Release|Any CPU.Build.0 = Release|Any CPU
	EndGlobalSection
	GlobalSection(SolutionProperties) = preSolution
		HideSolutionNode = FALSE
	EndGlobalSection
	GlobalSection(NestedProjects) = preSolution
		{524656D5-AC32-4B0E-B865-C05BDBD85C64} = {C1A38CEB-8467-4E43-98F2-5BD10765C30F}
		{68AAD13E-5FFC-4CF4-83A9-2C36E81F7D53} = {C1A38CEB-8467-4E43-98F2-5BD10765C30F}
		{6616A88E-910A-49DE-8820-91AB956F464B} = {C1A38CEB-8467-4E43-98F2-5BD10765C30F}
		{E829419A-7A49-4309-AD48-39F3CB5D1857} = {C1A38CEB-8467-4E43-98F2-5BD10765C30F}
		{9B8B3FBF-AABA-4E54-84A4-FBDA7F718218} = {C1A38CEB-8467-4E43-98F2-5BD10765C30F}
		{469C4094-E7F6-4344-9FFC-BDAE1838221A} = {D701F95C-3C2F-4EAB-BDD5-255A29D3C558}
	EndGlobalSection
	GlobalSection(ExtensibilityGlobals) = postSolution
		SolutionGuid = {FA269E85-FDEB-4B95-A5EF-F4CBA5631BF1}
	EndGlobalSection
EndGlobal
